
Microsoft Visual Studio Solution File, Format Version 12.00
# Visual Studio Version 16
VisualStudioVersion = 16.0.28315.86
MinimumVisualStudioVersion = 10.0.40219.1
Project("{2150E333-8FDC-42A3-9474-1A3956D46DE8}") = "Engine", "Engine", "{99C301DA-F321-4086-8881-072EDCB479E2}"
EndProject
Project("{2150E333-8FDC-42A3-9474-1A3956D46DE8}") = "Games", "Games", "{FC699921-EA6F-44B2-83A1-1BB68DBF4265}"
EndProject
Project("{8BC9CEB8-8B4A-11D0-8D11-00A0C91BC942}") = "UE4", "Intermediate\ProjectFiles\UE4.vcxproj", "{F485F71E-16E3-44CD-BBAD-5FC40BEB431C}"
EndProject
Project("{8BC9CEB8-8B4A-11D0-8D11-00A0C91BC942}") = "MyProject", "Intermediate\ProjectFiles\MyProject.vcxproj", "{BEAF52DB-396F-4165-83F0-29BA353870E2}"
EndProject
Project("{2150E333-8FDC-42A3-9474-1A3956D46DE8}") = "Visualizers", "Visualizers", "{458AE173-1854-4A80-8073-05E1D20E6625}"
	ProjectSection(SolutionItems) = preProject
		..\..\Epic Game\Unreal 4\UE_4.24\Engine\Extras\VisualStudioDebugging\UE4.natvis = ..\..\Epic Game\Unreal 4\UE_4.24\Engine\Extras\VisualStudioDebugging\UE4.natvis
	EndProjectSection
EndProject
Global
	GlobalSection(SolutionConfigurationPlatforms) = preSolution
		DebugGame Editor|Win32 = DebugGame Editor|Win32
		DebugGame Editor|Win64 = DebugGame Editor|Win64
		DebugGame|Win32 = DebugGame|Win32
		DebugGame|Win64 = DebugGame|Win64
		Development Editor|Win32 = Development Editor|Win32
		Development Editor|Win64 = Development Editor|Win64
		Development|Win32 = Development|Win32
		Development|Win64 = Development|Win64
		Shipping|Win32 = Shipping|Win32
		Shipping|Win64 = Shipping|Win64
	EndGlobalSection
	GlobalSection(ProjectConfigurationPlatforms) = postSolution
		{F485F71E-16E3-44CD-BBAD-5FC40BEB431C}.DebugGame Editor|Win32.ActiveCfg = BuiltWithUnrealBuildTool|Win32
		{F485F71E-16E3-44CD-BBAD-5FC40BEB431C}.DebugGame Editor|Win64.ActiveCfg = BuiltWithUnrealBuildTool|Win32
		{F485F71E-16E3-44CD-BBAD-5FC40BEB431C}.DebugGame|Win32.ActiveCfg = BuiltWithUnrealBuildTool|Win32
		{F485F71E-16E3-44CD-BBAD-5FC40BEB431C}.DebugGame|Win64.ActiveCfg = BuiltWithUnrealBuildTool|Win32
		{F485F71E-16E3-44CD-BBAD-5FC40BEB431C}.Development Editor|Win32.ActiveCfg = BuiltWithUnrealBuildTool|Win32
		{F485F71E-16E3-44CD-BBAD-5FC40BEB431C}.Development Editor|Win64.ActiveCfg = BuiltWithUnrealBuildTool|Win32
		{F485F71E-16E3-44CD-BBAD-5FC40BEB431C}.Development|Win32.ActiveCfg = BuiltWithUnrealBuildTool|Win32
		{F485F71E-16E3-44CD-BBAD-5FC40BEB431C}.Development|Win64.ActiveCfg = BuiltWithUnrealBuildTool|Win32
		{F485F71E-16E3-44CD-BBAD-5FC40BEB431C}.Shipping|Win32.ActiveCfg = BuiltWithUnrealBuildTool|Win32
		{F485F71E-16E3-44CD-BBAD-5FC40BEB431C}.Shipping|Win64.ActiveCfg = BuiltWithUnrealBuildTool|Win32
		{BEAF52DB-396F-4165-83F0-29BA353870E2}.DebugGame Editor|Win32.ActiveCfg = Invalid|Win32
		{BEAF52DB-396F-4165-83F0-29BA353870E2}.DebugGame Editor|Win64.ActiveCfg = DebugGame_Editor|x64
		{BEAF52DB-396F-4165-83F0-29BA353870E2}.DebugGame Editor|Win64.Build.0 = DebugGame_Editor|x64
		{BEAF52DB-396F-4165-83F0-29BA353870E2}.DebugGame|Win32.ActiveCfg = DebugGame|Win32
		{BEAF52DB-396F-4165-83F0-29BA353870E2}.DebugGame|Win32.Build.0 = DebugGame|Win32
		{BEAF52DB-396F-4165-83F0-29BA353870E2}.DebugGame|Win64.ActiveCfg = DebugGame|x64
		{BEAF52DB-396F-4165-83F0-29BA353870E2}.DebugGame|Win64.Build.0 = DebugGame|x64
		{BEAF52DB-396F-4165-83F0-29BA353870E2}.Development Editor|Win32.ActiveCfg = Invalid|Win32
		{BEAF52DB-396F-4165-83F0-29BA353870E2}.Development Editor|Win64.ActiveCfg = Development_Editor|x64
		{BEAF52DB-396F-4165-83F0-29BA353870E2}.Development Editor|Win64.Build.0 = Development_Editor|x64
		{BEAF52DB-396F-4165-83F0-29BA353870E2}.Development|Win32.ActiveCfg = Development|Win32
		{BEAF52DB-396F-4165-83F0-29BA353870E2}.Development|Win32.Build.0 = Development|Win32
		{BEAF52DB-396F-4165-83F0-29BA353870E2}.Development|Win64.ActiveCfg = Development|x64
		{BEAF52DB-396F-4165-83F0-29BA353870E2}.Development|Win64.Build.0 = Development|x64
		{BEAF52DB-396F-4165-83F0-29BA353870E2}.Shipping|Win32.ActiveCfg = Shipping|Win32
		{BEAF52DB-396F-4165-83F0-29BA353870E2}.Shipping|Win32.Build.0 = Shipping|Win32
		{BEAF52DB-396F-4165-83F0-29BA353870E2}.Shipping|Win64.ActiveCfg = Shipping|x64
		{BEAF52DB-396F-4165-83F0-29BA353870E2}.Shipping|Win64.Build.0 = Shipping|x64
	EndGlobalSection
	GlobalSection(SolutionProperties) = preSolution
		HideSolutionNode = FALSE
	EndGlobalSection
	GlobalSection(NestedProjects) = preSolution
		{F485F71E-16E3-44CD-BBAD-5FC40BEB431C} = {99C301DA-F321-4086-8881-072EDCB479E2}
		{BEAF52DB-396F-4165-83F0-29BA353870E2} = {FC699921-EA6F-44B2-83A1-1BB68DBF4265}
	EndGlobalSection
EndGlobal
